
Microsoft Visual Studio Solution File, Format Version 12.00
# Visual Studio 14
VisualStudioVersion = 14.0.25420.1
MinimumVisualStudioVersion = 10.0.40219.1
Project("{2150E333-8FDC-42A3-9474-1A3956D46DE8}") = "src", "src", "{5A6DB6A8-FFFB-42F3-B449-A1F5C3DB600A}"
EndProject
Project("{2150E333-8FDC-42A3-9474-1A3956D46DE8}") = "test", "test", "{C671C40D-8D9F-4EF0-9C1C-D6793BA4CE60}"
EndProject
Project("{2150E333-8FDC-42A3-9474-1A3956D46DE8}") = "deploy", "deploy", "{65EE8269-C83A-4A0E-B7A7-55AF11A5D617}"
EndProject
Project("{FAE04EC0-301F-11D3-BF4B-00C04F79EFBC}") = "BatchLayer", "src\BatchLayer\BatchLayer.csproj", "{65EF6519-3190-4225-ABD5-651AC6B43AB6}"
EndProject
Project("{A07B5EB6-E848-4116-A8D0-A826331D98C6}") = "LambdaArchitecture.Application", "deploy\LambdaArchitecture.Application\LambdaArchitecture.Application.sfproj", "{7D823DF8-705E-44FA-9062-6BBFA6FF19D8}"
EndProject
Project("{FAE04EC0-301F-11D3-BF4B-00C04F79EFBC}") = "BatchLayer.Service", "deploy\BatchLayer.Service\BatchLayer.Service.csproj", "{6FF62B80-4B1D-42BB-B4C8-A617F7614840}"
EndProject
Project("{FAE04EC0-301F-11D3-BF4B-00C04F79EFBC}") = "SpeedLayer.Service", "deploy\SpeedLayer.Service\SpeedLayer.Service.csproj", "{6FFEB38D-3743-4988-B33C-70F9A9E70298}"
EndProject
Project("{FAE04EC0-301F-11D3-BF4B-00C04F79EFBC}") = "ServingLayer.Service", "deploy\ServingLayer.Service\ServingLayer.Service.csproj", "{AD543556-A253-4595-9586-B1B1DD785801}"
EndProject
Project("{FAE04EC0-301F-11D3-BF4B-00C04F79EFBC}") = "SpeedLayer", "src\SpeedLayer\SpeedLayer.csproj", "{7702AF1C-88BE-4C70-B642-06369E55B3E9}"
EndProject
Project("{FAE04EC0-301F-11D3-BF4B-00C04F79EFBC}") = "ServingLayer", "src\ServingLayer\ServingLayer.csproj", "{F6278721-80C4-485B-A51A-C572430D308E}"
EndProject
Project("{FAE04EC0-301F-11D3-BF4B-00C04F79EFBC}") = "LambdaArchitecture.Setup", "deploy\LambdaArchitecture.Setup\LambdaArchitecture.Setup.csproj", "{11735ED7-9EB9-4221-9D73-D32C631A4EB0}"
EndProject
Project("{FAE04EC0-301F-11D3-BF4B-00C04F79EFBC}") = "BatchLayer.Job", "src\BatchLayer.Job\BatchLayer.Job.csproj", "{E3CCD202-E86D-4A79-A4F0-1EE01767F575}"
EndProject
Project("{FAE04EC0-301F-11D3-BF4B-00C04F79EFBC}") = "ResourceConfiguration", "deploy\ResourceConfiguration\ResourceConfiguration.csproj", "{403377E4-DACA-4F34-BC14-D839D51BCE62}"
EndProject
Project("{FAE04EC0-301F-11D3-BF4B-00C04F79EFBC}") = "DataContracts", "src\DataContracts\DataContracts.csproj", "{2EF4D6B0-8B14-42C8-9D08-7C564364E5CA}"
EndProject
Project("{FAE04EC0-301F-11D3-BF4B-00C04F79EFBC}") = "PublishSubscribe", "src\PublishSubscribe\PublishSubscribe.csproj", "{89D0B583-18B8-407F-9CF8-BF9B23871EE5}"
EndProject
Project("{FAE04EC0-301F-11D3-BF4B-00C04F79EFBC}") = "Utils", "src\Utils\Utils.csproj", "{32C2B784-F9F0-42EF-A1C5-5A17F9A35777}"
EndProject
Project("{FAE04EC0-301F-11D3-BF4B-00C04F79EFBC}") = "LambdaArchitecture.IntegrationTests", "test\LambdaArchitecture.IntegrationTests\LambdaArchitecture.IntegrationTests.csproj", "{C9BA0F70-35AA-49B2-A6F5-68AB2F451397}"
EndProject
Global
	GlobalSection(SolutionConfigurationPlatforms) = preSolution
		Debug|Any CPU = Debug|Any CPU
		Debug|x64 = Debug|x64
		Release|Any CPU = Release|Any CPU
		Release|x64 = Release|x64
	EndGlobalSection
	GlobalSection(ProjectConfigurationPlatforms) = postSolution
		{65EF6519-3190-4225-ABD5-651AC6B43AB6}.Debug|Any CPU.ActiveCfg = Debug|Any CPU
		{65EF6519-3190-4225-ABD5-651AC6B43AB6}.Debug|Any CPU.Build.0 = Debug|Any CPU
		{65EF6519-3190-4225-ABD5-651AC6B43AB6}.Debug|x64.ActiveCfg = Debug|Any CPU
		{65EF6519-3190-4225-ABD5-651AC6B43AB6}.Debug|x64.Build.0 = Debug|Any CPU
		{65EF6519-3190-4225-ABD5-651AC6B43AB6}.Release|Any CPU.ActiveCfg = Release|Any CPU
		{65EF6519-3190-4225-ABD5-651AC6B43AB6}.Release|Any CPU.Build.0 = Release|Any CPU
		{65EF6519-3190-4225-ABD5-651AC6B43AB6}.Release|x64.ActiveCfg = Release|Any CPU
		{65EF6519-3190-4225-ABD5-651AC6B43AB6}.Release|x64.Build.0 = Release|Any CPU
		{7D823DF8-705E-44FA-9062-6BBFA6FF19D8}.Debug|Any CPU.ActiveCfg = Debug|x64
		{7D823DF8-705E-44FA-9062-6BBFA6FF19D8}.Debug|x64.ActiveCfg = Debug|x64
		{7D823DF8-705E-44FA-9062-6BBFA6FF19D8}.Debug|x64.Build.0 = Debug|x64
		{7D823DF8-705E-44FA-9062-6BBFA6FF19D8}.Debug|x64.Deploy.0 = Debug|x64
		{7D823DF8-705E-44FA-9062-6BBFA6FF19D8}.Release|Any CPU.ActiveCfg = Release|x64
		{7D823DF8-705E-44FA-9062-6BBFA6FF19D8}.Release|x64.ActiveCfg = Release|x64
		{7D823DF8-705E-44FA-9062-6BBFA6FF19D8}.Release|x64.Build.0 = Release|x64
		{7D823DF8-705E-44FA-9062-6BBFA6FF19D8}.Release|x64.Deploy.0 = Release|x64
		{6FF62B80-4B1D-42BB-B4C8-A617F7614840}.Debug|Any CPU.ActiveCfg = Debug|x64
		{6FF62B80-4B1D-42BB-B4C8-A617F7614840}.Debug|x64.ActiveCfg = Debug|x64
		{6FF62B80-4B1D-42BB-B4C8-A617F7614840}.Debug|x64.Build.0 = Debug|x64
		{6FF62B80-4B1D-42BB-B4C8-A617F7614840}.Release|Any CPU.ActiveCfg = Release|x64
		{6FF62B80-4B1D-42BB-B4C8-A617F7614840}.Release|x64.ActiveCfg = Release|x64
		{6FF62B80-4B1D-42BB-B4C8-A617F7614840}.Release|x64.Build.0 = Release|x64
		{6FFEB38D-3743-4988-B33C-70F9A9E70298}.Debug|Any CPU.ActiveCfg = Debug|x64
		{6FFEB38D-3743-4988-B33C-70F9A9E70298}.Debug|x64.ActiveCfg = Debug|x64
		{6FFEB38D-3743-4988-B33C-70F9A9E70298}.Debug|x64.Build.0 = Debug|x64
		{6FFEB38D-3743-4988-B33C-70F9A9E70298}.Release|Any CPU.ActiveCfg = Release|x64
		{6FFEB38D-3743-4988-B33C-70F9A9E70298}.Release|x64.ActiveCfg = Release|x64
		{6FFEB38D-3743-4988-B33C-70F9A9E70298}.Release|x64.Build.0 = Release|x64
		{AD543556-A253-4595-9586-B1B1DD785801}.Debug|Any CPU.ActiveCfg = Debug|x64
		{AD543556-A253-4595-9586-B1B1DD785801}.Debug|x64.ActiveCfg = Debug|x64
		{AD543556-A253-4595-9586-B1B1DD785801}.Debug|x64.Build.0 = Debug|x64
		{AD543556-A253-4595-9586-B1B1DD785801}.Release|Any CPU.ActiveCfg = Release|x64
		{AD543556-A253-4595-9586-B1B1DD785801}.Release|x64.ActiveCfg = Release|x64
		{AD543556-A253-4595-9586-B1B1DD785801}.Release|x64.Build.0 = Release|x64
		{7702AF1C-88BE-4C70-B642-06369E55B3E9}.Debug|Any CPU.ActiveCfg = Debug|Any CPU
		{7702AF1C-88BE-4C70-B642-06369E55B3E9}.Debug|Any CPU.Build.0 = Debug|Any CPU
		{7702AF1C-88BE-4C70-B642-06369E55B3E9}.Debug|x64.ActiveCfg = Debug|Any CPU
		{7702AF1C-88BE-4C70-B642-06369E55B3E9}.Debug|x64.Build.0 = Debug|Any CPU
		{7702AF1C-88BE-4C70-B642-06369E55B3E9}.Release|Any CPU.ActiveCfg = Release|Any CPU
		{7702AF1C-88BE-4C70-B642-06369E55B3E9}.Release|Any CPU.Build.0 = Release|Any CPU
		{7702AF1C-88BE-4C70-B642-06369E55B3E9}.Release|x64.ActiveCfg = Release|Any CPU
		{7702AF1C-88BE-4C70-B642-06369E55B3E9}.Release|x64.Build.0 = Release|Any CPU
		{F6278721-80C4-485B-A51A-C572430D308E}.Debug|Any CPU.ActiveCfg = Debug|Any CPU
		{F6278721-80C4-485B-A51A-C572430D308E}.Debug|Any CPU.Build.0 = Debug|Any CPU
		{F6278721-80C4-485B-A51A-C572430D308E}.Debug|x64.ActiveCfg = Debug|Any CPU
		{F6278721-80C4-485B-A51A-C572430D308E}.Debug|x64.Build.0 = Debug|Any CPU
		{F6278721-80C4-485B-A51A-C572430D308E}.Release|Any CPU.ActiveCfg = Release|Any CPU
		{F6278721-80C4-485B-A51A-C572430D308E}.Release|Any CPU.Build.0 = Release|Any CPU
		{F6278721-80C4-485B-A51A-C572430D308E}.Release|x64.ActiveCfg = Release|Any CPU
		{F6278721-80C4-485B-A51A-C572430D308E}.Release|x64.Build.0 = Release|Any CPU
		{11735ED7-9EB9-4221-9D73-D32C631A4EB0}.Debug|Any CPU.ActiveCfg = Debug|Any CPU
		{11735ED7-9EB9-4221-9D73-D32C631A4EB0}.Debug|Any CPU.Build.0 = Debug|Any CPU
		{11735ED7-9EB9-4221-9D73-D32C631A4EB0}.Debug|x64.ActiveCfg = Debug|Any CPU
		{11735ED7-9EB9-4221-9D73-D32C631A4EB0}.Debug|x64.Build.0 = Debug|Any CPU
		{11735ED7-9EB9-4221-9D73-D32C631A4EB0}.Release|Any CPU.ActiveCfg = Release|Any CPU
		{11735ED7-9EB9-4221-9D73-D32C631A4EB0}.Release|Any CPU.Build.0 = Release|Any CPU
		{11735ED7-9EB9-4221-9D73-D32C631A4EB0}.Release|x64.ActiveCfg = Release|Any CPU
		{11735ED7-9EB9-4221-9D73-D32C631A4EB0}.Release|x64.Build.0 = Release|Any CPU
		{E3CCD202-E86D-4A79-A4F0-1EE01767F575}.Debug|Any CPU.ActiveCfg = Debug|Any CPU
		{E3CCD202-E86D-4A79-A4F0-1EE01767F575}.Debug|Any CPU.Build.0 = Debug|Any CPU
		{E3CCD202-E86D-4A79-A4F0-1EE01767F575}.Debug|x64.ActiveCfg = Debug|Any CPU
		{E3CCD202-E86D-4A79-A4F0-1EE01767F575}.Debug|x64.Build.0 = Debug|Any CPU
		{E3CCD202-E86D-4A79-A4F0-1EE01767F575}.Release|Any CPU.ActiveCfg = Release|Any CPU
		{E3CCD202-E86D-4A79-A4F0-1EE01767F575}.Release|Any CPU.Build.0 = Release|Any CPU
		{E3CCD202-E86D-4A79-A4F0-1EE01767F575}.Release|x64.ActiveCfg = Release|Any CPU
		{E3CCD202-E86D-4A79-A4F0-1EE01767F575}.Release|x64.Build.0 = Release|Any CPU
		{403377E4-DACA-4F34-BC14-D839D51BCE62}.Debug|Any CPU.ActiveCfg = Debug|Any CPU
		{403377E4-DACA-4F34-BC14-D839D51BCE62}.Debug|Any CPU.Build.0 = Debug|Any CPU
		{403377E4-DACA-4F34-BC14-D839D51BCE62}.Debug|x64.ActiveCfg = Debug|Any CPU
		{403377E4-DACA-4F34-BC14-D839D51BCE62}.Debug|x64.Build.0 = Debug|Any CPU
		{403377E4-DACA-4F34-BC14-D839D51BCE62}.Release|Any CPU.ActiveCfg = Release|Any CPU
		{403377E4-DACA-4F34-BC14-D839D51BCE62}.Release|Any CPU.Build.0 = Release|Any CPU
		{403377E4-DACA-4F34-BC14-D839D51BCE62}.Release|x64.ActiveCfg = Release|Any CPU
		{403377E4-DACA-4F34-BC14-D839D51BCE62}.Release|x64.Build.0 = Release|Any CPU
		{2EF4D6B0-8B14-42C8-9D08-7C564364E5CA}.Debug|Any CPU.ActiveCfg = Debug|Any CPU
		{2EF4D6B0-8B14-42C8-9D08-7C564364E5CA}.Debug|Any CPU.Build.0 = Debug|Any CPU
		{2EF4D6B0-8B14-42C8-9D08-7C564364E5CA}.Debug|x64.ActiveCfg = Debug|Any CPU
		{2EF4D6B0-8B14-42C8-9D08-7C564364E5CA}.Debug|x64.Build.0 = Debug|Any CPU
		{2EF4D6B0-8B14-42C8-9D08-7C564364E5CA}.Release|Any CPU.ActiveCfg = Release|Any CPU
		{2EF4D6B0-8B14-42C8-9D08-7C564364E5CA}.Release|Any CPU.Build.0 = Release|Any CPU
		{2EF4D6B0-8B14-42C8-9D08-7C564364E5CA}.Release|x64.ActiveCfg = Release|Any CPU
		{2EF4D6B0-8B14-42C8-9D08-7C564364E5CA}.Release|x64.Build.0 = Release|Any CPU
		{89D0B583-18B8-407F-9CF8-BF9B23871EE5}.Debug|Any CPU.ActiveCfg = Debug|Any CPU
		{89D0B583-18B8-407F-9CF8-BF9B23871EE5}.Debug|Any CPU.Build.0 = Debug|Any CPU
		{89D0B583-18B8-407F-9CF8-BF9B23871EE5}.Debug|x64.ActiveCfg = Debug|Any CPU
		{89D0B583-18B8-407F-9CF8-BF9B23871EE5}.Debug|x64.Build.0 = Debug|Any CPU
		{89D0B583-18B8-407F-9CF8-BF9B23871EE5}.Release|Any CPU.ActiveCfg = Release|Any CPU
		{89D0B583-18B8-407F-9CF8-BF9B23871EE5}.Release|Any CPU.Build.0 = Release|Any CPU
		{89D0B583-18B8-407F-9CF8-BF9B23871EE5}.Release|x64.ActiveCfg = Release|Any CPU
		{89D0B583-18B8-407F-9CF8-BF9B23871EE5}.Release|x64.Build.0 = Release|Any CPU
		{32C2B784-F9F0-42EF-A1C5-5A17F9A35777}.Debug|Any CPU.ActiveCfg = Debug|Any CPU
		{32C2B784-F9F0-42EF-A1C5-5A17F9A35777}.Debug|Any CPU.Build.0 = Debug|Any CPU
		{32C2B784-F9F0-42EF-A1C5-5A17F9A35777}.Debug|x64.ActiveCfg = Debug|Any CPU
		{32C2B784-F9F0-42EF-A1C5-5A17F9A35777}.Debug|x64.Build.0 = Debug|Any CPU
		{32C2B784-F9F0-42EF-A1C5-5A17F9A35777}.Release|Any CPU.ActiveCfg = Release|Any CPU
		{32C2B784-F9F0-42EF-A1C5-5A17F9A35777}.Release|Any CPU.Build.0 = Release|Any CPU
		{32C2B784-F9F0-42EF-A1C5-5A17F9A35777}.Release|x64.ActiveCfg = Release|Any CPU
		{32C2B784-F9F0-42EF-A1C5-5A17F9A35777}.Release|x64.Build.0 = Release|Any CPU
		{C9BA0F70-35AA-49B2-A6F5-68AB2F451397}.Debug|Any CPU.ActiveCfg = Debug|Any CPU
		{C9BA0F70-35AA-49B2-A6F5-68AB2F451397}.Debug|Any CPU.Build.0 = Debug|Any CPU
		{C9BA0F70-35AA-49B2-A6F5-68AB2F451397}.Debug|x64.ActiveCfg = Debug|Any CPU
		{C9BA0F70-35AA-49B2-A6F5-68AB2F451397}.Debug|x64.Build.0 = Debug|Any CPU
		{C9BA0F70-35AA-49B2-A6F5-68AB2F451397}.Release|Any CPU.ActiveCfg = Release|Any CPU
		{C9BA0F70-35AA-49B2-A6F5-68AB2F451397}.Release|Any CPU.Build.0 = Release|Any CPU
		{C9BA0F70-35AA-49B2-A6F5-68AB2F451397}.Release|x64.ActiveCfg = Release|Any CPU
		{C9BA0F70-35AA-49B2-A6F5-68AB2F451397}.Release|x64.Build.0 = Release|Any CPU
	EndGlobalSection
	GlobalSection(SolutionProperties) = preSolution
		HideSolutionNode = FALSE
	EndGlobalSection
	GlobalSection(NestedProjects) = preSolution
		{65EF6519-3190-4225-ABD5-651AC6B43AB6} = {5A6DB6A8-FFFB-42F3-B449-A1F5C3DB600A}
		{7D823DF8-705E-44FA-9062-6BBFA6FF19D8} = {65EE8269-C83A-4A0E-B7A7-55AF11A5D617}
		{6FF62B80-4B1D-42BB-B4C8-A617F7614840} = {65EE8269-C83A-4A0E-B7A7-55AF11A5D617}
		{6FFEB38D-3743-4988-B33C-70F9A9E70298} = {65EE8269-C83A-4A0E-B7A7-55AF11A5D617}
		{AD543556-A253-4595-9586-B1B1DD785801} = {65EE8269-C83A-4A0E-B7A7-55AF11A5D617}
		{7702AF1C-88BE-4C70-B642-06369E55B3E9} = {5A6DB6A8-FFFB-42F3-B449-A1F5C3DB600A}
		{F6278721-80C4-485B-A51A-C572430D308E} = {5A6DB6A8-FFFB-42F3-B449-A1F5C3DB600A}
		{11735ED7-9EB9-4221-9D73-D32C631A4EB0} = {65EE8269-C83A-4A0E-B7A7-55AF11A5D617}
		{E3CCD202-E86D-4A79-A4F0-1EE01767F575} = {5A6DB6A8-FFFB-42F3-B449-A1F5C3DB600A}
		{403377E4-DACA-4F34-BC14-D839D51BCE62} = {65EE8269-C83A-4A0E-B7A7-55AF11A5D617}
		{2EF4D6B0-8B14-42C8-9D08-7C564364E5CA} = {5A6DB6A8-FFFB-42F3-B449-A1F5C3DB600A}
		{89D0B583-18B8-407F-9CF8-BF9B23871EE5} = {5A6DB6A8-FFFB-42F3-B449-A1F5C3DB600A}
		{32C2B784-F9F0-42EF-A1C5-5A17F9A35777} = {5A6DB6A8-FFFB-42F3-B449-A1F5C3DB600A}
		{C9BA0F70-35AA-49B2-A6F5-68AB2F451397} = {C671C40D-8D9F-4EF0-9C1C-D6793BA4CE60}
	EndGlobalSection
EndGlobal
